
Microsoft Visual Studio Solution File, Format Version 12.00
# Visual Studio Version 17
VisualStudioVersion = 17.8.34511.84
MinimumVisualStudioVersion = 10.0.40219.1
Project("{FAE04EC0-301F-11D3-BF4B-00C04F79EFBC}") = "Tarea2", "Tarea2\Tarea2.csproj", "{67A85B30-86AD-471E-86AD-28B1A7D4376E}"
EndProject
Global
	GlobalSection(SolutionConfigurationPlatforms) = preSolution
		Debug|Any CPU = Debug|Any CPU
		Release|Any CPU = Release|Any CPU
	EndGlobalSection
	GlobalSection(ProjectConfigurationPlatforms) = postSolution
		{67A85B30-86AD-471E-86AD-28B1A7D4376E}.Debug|Any CPU.ActiveCfg = Debug|Any CPU
		{67A85B30-86AD-471E-86AD-28B1A7D4376E}.Debug|Any CPU.Build.0 = Debug|Any CPU
		{67A85B30-86AD-471E-86AD-28B1A7D4376E}.Release|Any CPU.ActiveCfg = Release|Any CPU
		{67A85B30-86AD-471E-86AD-28B1A7D4376E}.Release|Any CPU.Build.0 = Release|Any CPU
	EndGlobalSection
	GlobalSection(SolutionProperties) = preSolution
		HideSolutionNode = FALSE
	EndGlobalSection
	GlobalSection(ExtensibilityGlobals) = postSolution
		SolutionGuid = {04A7C47D-B469-4CE9-9C97-1804FDC260FB}
	EndGlobalSection
EndGlobal
